Microsoft Visual Studio Solution File, Format Version 12.00
# Visual Studio Version 17
VisualStudioVersion = 17.5.2.0
MinimumVisualStudioVersion = 10.0.40219.1
Project("{FAE04EC0-301F-11D3-BF4B-00C04F79EFBC}") = "ToltoonTTS2", "ToltoonTTS2.csproj", "{47F91B06-232B-F593-7046-BD84BA526731}"
EndProject
Global
	GlobalSection(SolutionConfigurationPlatforms) = preSolution
		Debug|Any CPU = Debug|Any CPU
		Release|Any CPU = Release|Any CPU
	EndGlobalSection
	GlobalSection(ProjectConfigurationPlatforms) = postSolution
		{47F91B06-232B-F593-7046-BD84BA526731}.Debug|Any CPU.ActiveCfg = Debug|Any CPU
		{47F91B06-232B-F593-7046-BD84BA526731}.Debug|Any CPU.Build.0 = Debug|Any CPU
		{47F91B06-232B-F593-7046-BD84BA526731}.Release|Any CPU.ActiveCfg = Release|Any CPU
		{47F91B06-232B-F593-7046-BD84BA526731}.Release|Any CPU.Build.0 = Release|Any CPU
	EndGlobalSection
	GlobalSection(SolutionProperties) = preSolution
		HideSolutionNode = FALSE
	EndGlobalSection
	GlobalSection(ExtensibilityGlobals) = postSolution
		SolutionGuid = {E4D4BD75-4272-438B-B749-003354442FC5}
	EndGlobalSection
EndGlobal
